{
  "version": 4,
  "terraform_version": "1.15.8",
  "serial": 10,
  "lineage": "645739ec-a9bb-87db-b9bb-d3f744a0fd1a",
  "outputs": {
    "connectivity_subscription_id": {
      "value": "237bd9d5-9158-404b-b798-ebd269d6f9ab",
      "type": "string"
    },
    "management_subscription_id": {
      "value": "59b3a0c1-d71e-452f-9950-e28743627a30",
      "type": "string"
    }
  },
  "resources": [
    {
      "mode": "managed",
      "type": "azurerm_subscription",
      "name": "management",
      "provider": "provider[\"registry.terraform.io/hashicorp/azurerm\"]",
      "instances": [
        {
          "schema_version": 0,
          "attributes": {
            "alias": "mavencrest-management",
            "billing_scope_id": "/providers/Microsoft.Billing/billingAccounts/2f7e2386-6522-56b9-61ea-4da87413252e:f0952786-98e5-44d3-ba90-074b402deef3_2019-05-31/billingProfiles/IMI2-5Q6H-BG7-PGB/invoiceSections/b038e9aa-08ca-4fbf-827c-924fd073fcf8",
            "id": "/providers/Microsoft.Subscription/aliases/mavencrest-management",
            "subscription_id": "59b3a0c1-d71e-452f-9950-e28743627a30",
            "subscription_name": "sub-mavencrest-management",
            "tags": {},
            "tenant_id": "32236432-53a4-43df-85e3-53d26b9c8519",
            "timeouts": null,
            "workload": "Production"
          },
          "sensitive_attributes": [],
          "identity_schema_version": 0,
          "private": "eyJlMmJmYjczMC1lY2FhLTExZTYtOGY4OC0zNDM2M2JjN2M0YzAiOnsiY3JlYXRlIjoxODAwMDAwMDAwMDAwLCJkZWxldGUiOjE4MDAwMDAwMDAwMDAsInJlYWQiOjMwMDAwMDAwMDAwMCwidXBkYXRlIjoxODAwMDAwMDAwMDAwfX0="
        }
      ]
    }
  ],
  "check_results": null
}
